
Microsoft Visual Studio Solution File, Format Version 12.00
# Visual Studio Version 17
VisualStudioVersion = 17.7.34221.43
MinimumVisualStudioVersion = 10.0.40219.1
Project("{9A19103F-16F7-4668-BE54-9A1E7A4F7556}") = "Halevi.API", "Halevi.API\Halevi.API.csproj", "{C92683D7-4971-4F28-8C7B-62CFE0FC0FFF}"
EndProject
Project("{9A19103F-16F7-4668-BE54-9A1E7A4F7556}") = "Halevi.Core", "Halevi.Core\Halevi.Core.csproj", "{C5F5AA81-DE82-4F1C-9712-547FD53DE16E}"
EndProject
Project("{9A19103F-16F7-4668-BE54-9A1E7A4F7556}") = "Halevi.Infra", "Halevi.Infra\Halevi.Infra.csproj", "{FF33C17D-6FF1-4D77-8846-03D3D567516C}"
EndProject
Project("{9A19103F-16F7-4668-BE54-9A1E7A4F7556}") = "Halevi.Enums", "Halevi.Enums\Halevi.Enums.csproj", "{B64CCFFF-1D02-4EA4-A43D-AC0088F36140}"
EndProject
Project("{FAE04EC0-301F-11D3-BF4B-00C04F79EFBC}") = "Halevi.UI", "Halevi.UI\Halevi.UI\Halevi.UI.csproj", "{0DEBE8A7-7552-48EF-86C7-A82CE73E46A3}"
EndProject
Project("{FAE04EC0-301F-11D3-BF4B-00C04F79EFBC}") = "Halevi.UI.Client", "Halevi.UI\Halevi.UI.Client\Halevi.UI.Client.csproj", "{D826632B-A41B-44D8-88D3-DCB04EEF17D0}"
EndProject
Global
	GlobalSection(SolutionConfigurationPlatforms) = preSolution
		Debug|Any CPU = Debug|Any CPU
		Release|Any CPU = Release|Any CPU
	EndGlobalSection
	GlobalSection(ProjectConfigurationPlatforms) = postSolution
		{C92683D7-4971-4F28-8C7B-62CFE0FC0FFF}.Debug|Any CPU.ActiveCfg = Debug|Any CPU
		{C92683D7-4971-4F28-8C7B-62CFE0FC0FFF}.Debug|Any CPU.Build.0 = Debug|Any CPU
		{C92683D7-4971-4F28-8C7B-62CFE0FC0FFF}.Release|Any CPU.ActiveCfg = Release|Any CPU
		{C92683D7-4971-4F28-8C7B-62CFE0FC0FFF}.Release|Any CPU.Build.0 = Release|Any CPU
		{C5F5AA81-DE82-4F1C-9712-547FD53DE16E}.Debug|Any CPU.ActiveCfg = Debug|Any CPU
		{C5F5AA81-DE82-4F1C-9712-547FD53DE16E}.Debug|Any CPU.Build.0 = Debug|Any CPU
		{C5F5AA81-DE82-4F1C-9712-547FD53DE16E}.Release|Any CPU.ActiveCfg = Release|Any CPU
		{C5F5AA81-DE82-4F1C-9712-547FD53DE16E}.Release|Any CPU.Build.0 = Release|Any CPU
		{FF33C17D-6FF1-4D77-8846-03D3D567516C}.Debug|Any CPU.ActiveCfg = Debug|Any CPU
		{FF33C17D-6FF1-4D77-8846-03D3D567516C}.Debug|Any CPU.Build.0 = Debug|Any CPU
		{FF33C17D-6FF1-4D77-8846-03D3D567516C}.Release|Any CPU.ActiveCfg = Release|Any CPU
		{FF33C17D-6FF1-4D77-8846-03D3D567516C}.Release|Any CPU.Build.0 = Release|Any CPU
		{B64CCFFF-1D02-4EA4-A43D-AC0088F36140}.Debug|Any CPU.ActiveCfg = Debug|Any CPU
		{B64CCFFF-1D02-4EA4-A43D-AC0088F36140}.Debug|Any CPU.Build.0 = Debug|Any CPU
		{B64CCFFF-1D02-4EA4-A43D-AC0088F36140}.Release|Any CPU.ActiveCfg = Release|Any CPU
		{B64CCFFF-1D02-4EA4-A43D-AC0088F36140}.Release|Any CPU.Build.0 = Release|Any CPU
		{0DEBE8A7-7552-48EF-86C7-A82CE73E46A3}.Debug|Any CPU.ActiveCfg = Debug|Any CPU
		{0DEBE8A7-7552-48EF-86C7-A82CE73E46A3}.Debug|Any CPU.Build.0 = Debug|Any CPU
		{0DEBE8A7-7552-48EF-86C7-A82CE73E46A3}.Release|Any CPU.ActiveCfg = Release|Any CPU
		{0DEBE8A7-7552-48EF-86C7-A82CE73E46A3}.Release|Any CPU.Build.0 = Release|Any CPU
		{D826632B-A41B-44D8-88D3-DCB04EEF17D0}.Debug|Any CPU.ActiveCfg = Debug|Any CPU
		{D826632B-A41B-44D8-88D3-DCB04EEF17D0}.Debug|Any CPU.Build.0 = Debug|Any CPU
		{D826632B-A41B-44D8-88D3-DCB04EEF17D0}.Release|Any CPU.ActiveCfg = Release|Any CPU
		{D826632B-A41B-44D8-88D3-DCB04EEF17D0}.Release|Any CPU.Build.0 = Release|Any CPU
	EndGlobalSection
	GlobalSection(SolutionProperties) = preSolution
		HideSolutionNode = FALSE
	EndGlobalSection
	GlobalSection(ExtensibilityGlobals) = postSolution
		SolutionGuid = {2C03C01D-405C-4040-8A5C-F508B4D705FA}
	EndGlobalSection
EndGlobal
